// !$*UTF8*$!
{
	archiveVersion = 1;
	classes = {
	};
	objectVersion = 50;
	objects = {

/* Begin PBXBuildFile section */
		2A1979A8D9676A4609C31415 /* Pods_AdvanceCoreML_AdvanceCoreMLUITests.framework in Frameworks */ = {isa = PBXBuildFile; fileRef = 67A4AC9BBC11E38BEF8DCD7B /* Pods_AdvanceCoreML_AdvanceCoreMLUITests.framework */; };
		7B8A829123F28C9700C7E9B9 /* AppDelegate.swift in Sources */ = {isa = PBXBuildFile; fileRef = 7B8A829023F28C9700C7E9B9 /* AppDelegate.swift */; };
		7B8A829323F28C9700C7E9B9 /* SceneDelegate.swift in Sources */ = {isa = PBXBuildFile; fileRef = 7B8A829223F28C9700C7E9B9 /* SceneDelegate.swift */; };
		7B8A829523F28C9700C7E9B9 /* ViewController.swift in Sources */ = {isa = PBXBuildFile; fileRef = 7B8A829423F28C9700C7E9B9 /* ViewController.swift */; };
		7B8A829823F28C9700C7E9B9 /* Main.storyboard in Resources */ = {isa = PBXBuildFile; fileRef = 7B8A829623F28C9700C7E9B9 /* Main.storyboard */; };
		7B8A829A23F28CAB00C7E9B9 /* Assets.xcassets in Resources */ = {isa = PBXBuildFile; fileRef = 7B8A829923F28CAB00C7E9B9 /* Assets.xcassets */; };
		7B8A829D23F28CAB00C7E9B9 /* LaunchScreen.storyboard in Resources */ = {isa = PBXBuildFile; fileRef = 7B8A829B23F28CAB00C7E9B9 /* LaunchScreen.storyboard */; };
		7B8A82A823F28CAB00C7E9B9 /* AdvanceCoreMLTests.swift in Sources */ = {isa = PBXBuildFile; fileRef = 7B8A82A723F28CAB00C7E9B9 /* AdvanceCoreMLTests.swift */; };
		7B8A82B323F28CAB00C7E9B9 /* AdvanceCoreMLUITests.swift in Sources */ = {isa = PBXBuildFile; fileRef = 7B8A82B223F28CAB00C7E9B9 /* AdvanceCoreMLUITests.swift */; };
		876EBB45566A0CC4F123F9BE /* Pods_AdvanceCoreML.framework in Frameworks */ = {isa = PBXBuildFile; fileRef = 63F8B3BA103A700174F1F323 /* Pods_AdvanceCoreML.framework */; };
		93C89A47331CE181EF997B9E /* Pods_AdvanceCoreMLTests.framework in Frameworks */ = {isa = PBXBuildFile; fileRef = 45618A6BD74E5CA09BA15E7C /* Pods_AdvanceCoreMLTests.framework */; };
/* End PBXBuildFile section */

/* Begin PBXContainerItemProxy section */
		7B8A82A423F28CAB00C7E9B9 /* PBXContainerItemProxy */ = {
			isa = PBXContainerItemProxy;
			containerPortal = 7B8A828523F28C9600C7E9B9 /* Project object */;
			proxyType = 1;
			remoteGlobalIDString = 7B8A828C23F28C9600C7E9B9;
			remoteInfo = AdvanceCoreML;
		};
		7B8A82AF23F28CAB00C7E9B9 /* PBXContainerItemProxy */ = {
			isa = PBXContainerItemProxy;
			containerPortal = 7B8A828523F28C9600C7E9B9 /* Project object */;
			proxyType = 1;
			remoteGlobalIDString = 7B8A828C23F28C9600C7E9B9;
			remoteInfo = AdvanceCoreML;
		};
/* End PBXContainerItemProxy section */

/* Begin PBXFileReference section */
		4279C527792E30D9A3FB1D2E /* Pods-AdvanceCoreML-AdvanceCoreMLUITests.debug.xcconfig */ = {isa = PBXFileReference; includeInIndex = 1; lastKnownFileType = text.xcconfig; name = "Pods-AdvanceCoreML-AdvanceCoreMLUITests.debug.xcconfig"; path = "Target Support Files/Pods-AdvanceCoreML-AdvanceCoreMLUITests/Pods-AdvanceCoreML-AdvanceCoreMLUITests.debug.xcconfig"; sourceTree = "<group>"; };
		45618A6BD74E5CA09BA15E7C /* Pods_AdvanceCoreMLTests.framework */ = {isa = PBXFileReference; explicitFileType = wrapper.framework; includeInIndex = 0; path = Pods_AdvanceCoreMLTests.framework; sourceTree = BUILT_PRODUCTS_DIR; };
		63F8B3BA103A700174F1F323 /* Pods_AdvanceCoreML.framework */ = {isa = PBXFileReference; explicitFileType = wrapper.framework; includeInIndex = 0; path = Pods_AdvanceCoreML.framework; sourceTree = BUILT_PRODUCTS_DIR; };
		67A4AC9BBC11E38BEF8DCD7B /* Pods_AdvanceCoreML_AdvanceCoreMLUITests.framework */ = {isa = PBXFileReference; explicitFileType = wrapper.framework; includeInIndex = 0; path = Pods_AdvanceCoreML_AdvanceCoreMLUITests.framework; sourceTree = BUILT_PRODUCTS_DIR; };
		6855A2A78F923032CBF8C925 /* Pods-AdvanceCoreML-AdvanceCoreMLUITests.release.xcconfig */ = {isa = PBXFileReference; includeInIndex = 1; lastKnownFileType = text.xcconfig; name = "Pods-AdvanceCoreML-AdvanceCoreMLUITests.release.xcconfig"; path = "Target Support Files/Pods-AdvanceCoreML-AdvanceCoreMLUITests/Pods-AdvanceCoreML-AdvanceCoreMLUITests.release.xcconfig"; sourceTree = "<group>"; };
		7B8A828D23F28C9600C7E9B9 /* AdvanceCoreML.app */ = {isa = PBXFileReference; explicitFileType = wrapper.application; includeInIndex = 0; path = AdvanceCoreML.app; sourceTree = BUILT_PRODUCTS_DIR; };
		7B8A829023F28C9700C7E9B9 /* AppDelegate.swift */ = {isa = PBXFileReference; lastKnownFileType = sourcecode.swift; path = AppDelegate.swift; sourceTree = "<group>"; };
		7B8A829223F28C9700C7E9B9 /* SceneDelegate.swift */ = {isa = PBXFileReference; lastKnownFileType = sourcecode.swift; path = SceneDelegate.swift; sourceTree = "<group>"; };
		7B8A829423F28C9700C7E9B9 /* ViewController.swift */ = {isa = PBXFileReference; lastKnownFileType = sourcecode.swift; path = ViewController.swift; sourceTree = "<group>"; };
		7B8A829723F28C9700C7E9B9 /* Base */ = {isa = PBXFileReference; lastKnownFileType = file.storyboard; name = Base; path = Base.lproj/Main.storyboard; sourceTree = "<group>"; };
		7B8A829923F28CAB00C7E9B9 /* Assets.xcassets */ = {isa = PBXFileReference; lastKnownFileType = folder.assetcatalog; path = Assets.xcassets; sourceTree = "<group>"; };
		7B8A829C23F28CAB00C7E9B9 /* Base */ = {isa = PBXFileReference; lastKnownFileType = file.storyboard; name = Base; path = Base.lproj/LaunchScreen.storyboard; sourceTree = "<group>"; };
		7B8A829E23F28CAB00C7E9B9 /* Info.plist */ = {isa = PBXFileReference; lastKnownFileType = text.plist.xml; path = Info.plist; sourceTree = "<group>"; };
		7B8A82A323F28CAB00C7E9B9 /* AdvanceCoreMLTests.xctest */ = {isa = PBXFileReference; explicitFileType = wrapper.cfbundle; includeInIndex = 0; path = AdvanceCoreMLTests.xctest; sourceTree = BUILT_PRODUCTS_DIR; };
		7B8A82A723F28CAB00C7E9B9 /* AdvanceCoreMLTests.swift */ = {isa = PBXFileReference; lastKnownFileType = sourcecode.swift; path = AdvanceCoreMLTests.swift; sourceTree = "<group>"; };
		7B8A82A923F28CAB00C7E9B9 /* Info.plist */ = {isa = PBXFileReference; lastKnownFileType = text.plist.xml; path = Info.plist; sourceTree = "<group>"; };
		7B8A82AE23F28CAB00C7E9B9 /* AdvanceCoreMLUITests.xctest */ = {isa = PBXFileReference; explicitFileType = wrapper.cfbundle; includeInIndex = 0; path = AdvanceCoreMLUITests.xctest; sourceTree = BUILT_PRODUCTS_DIR; };
		7B8A82B223F28CAB00C7E9B9 /* AdvanceCoreMLUITests.swift */ = {isa = PBXFileReference; lastKnownFileType = sourcecode.swift; path = AdvanceCoreMLUITests.swift; sourceTree = "<group>"; };
		7B8A82B423F28CAB00C7E9B9 /* Info.plist */ = {isa = PBXFileReference; lastKnownFileType = text.plist.xml; path = Info.plist; sourceTree = "<group>"; };
		C34C5C751391E8BE095F5B31 /* Pods-AdvanceCoreMLTests.release.xcconfig */ = {isa = PBXFileReference; includeInIndex = 1; lastKnownFileType = text.xcconfig; name = "Pods-AdvanceCoreMLTests.release.xcconfig"; path = "Target Support Files/Pods-AdvanceCoreMLTests/Pods-AdvanceCoreMLTests.release.xcconfig"; sourceTree = "<group>"; };
		CB15BE60155AF8E71223DF63 /* Pods-AdvanceCoreML.debug.xcconfig */ = {isa = PBXFileReference; includeInIndex = 1; lastKnownFileType = text.xcconfig; name = "Pods-AdvanceCoreML.debug.xcconfig"; path = "Target Support Files/Pods-AdvanceCoreML/Pods-AdvanceCoreML.debug.xcconfig"; sourceTree = "<group>"; };
		F22EE6D01B92B24182E5AC79 /* Pods-AdvanceCoreMLTests.debug.xcconfig */ = {isa = PBXFileReference; includeInIndex = 1; lastKnownFileType = text.xcconfig; name = "Pods-AdvanceCoreMLTests.debug.xcconfig"; path = "Target Support Files/Pods-AdvanceCoreMLTests/Pods-AdvanceCoreMLTests.debug.xcconfig"; sourceTree = "<group>"; };
		F582DE5167370A736F0E077E /* Pods-AdvanceCoreML.release.xcconfig */ = {isa = PBXFileReference; includeInIndex = 1; lastKnownFileType = text.xcconfig; name = "Pods-AdvanceCoreML.release.xcconfig"; path = "Target Support Files/Pods-AdvanceCoreML/Pods-AdvanceCoreML.release.xcconfig"; sourceTree = "<group>"; };
/* End PBXFileReference section */

/* Begin PBXFrameworksBuildPhase section */
		7B8A828A23F28C9600C7E9B9 /* Frameworks */ = {
			isa = PBXFrameworksBuildPhase;
			buildActionMask = 2147483647;
			files = (
				876EBB45566A0CC4F123F9BE /* Pods_AdvanceCoreML.framework in Frameworks */,
			);
			runOnlyForDeploymentPostprocessing = 0;
		};
		7B8A82A023F28CAB00C7E9B9 /* Frameworks */ = {
			isa = PBXFrameworksBuildPhase;
			buildActionMask = 2147483647;
			files = (
				93C89A47331CE181EF997B9E /* Pods_AdvanceCoreMLTests.framework in Frameworks */,
			);
			runOnlyForDeploymentPostprocessing = 0;
		};
		7B8A82AB23F28CAB00C7E9B9 /* Frameworks */ = {
			isa = PBXFrameworksBuildPhase;
			buildActionMask = 2147483647;
			files = (
				2A1979A8D9676A4609C31415 /* Pods_AdvanceCoreML_AdvanceCoreMLUITests.framework in Frameworks */,
			);
			runOnlyForDeploymentPostprocessing = 0;
		};
/* End PBXFrameworksBuildPhase section */

/* Begin PBXGroup section */
		7B8A828423F28C9600C7E9B9 = {
			isa = PBXGroup;
			children = (
				7B8A828F23F28C9600C7E9B9 /* AdvanceCoreML */,
				7B8A82A623F28CAB00C7E9B9 /* AdvanceCoreMLTests */,
				7B8A82B123F28CAB00C7E9B9 /* AdvanceCoreMLUITests */,
				7B8A828E23F28C9600C7E9B9 /* Products */,
				E24A0F1D33F11CEF6311FC65 /* Pods */,
				A594BC16741E829287763416 /* Frameworks */,
			);
			sourceTree = "<group>";
		};
		7B8A828E23F28C9600C7E9B9 /* Products */ = {
			isa = PBXGroup;
			children = (
				7B8A828D23F28C9600C7E9B9 /* AdvanceCoreML.app */,
				7B8A82A323F28CAB00C7E9B9 /* AdvanceCoreMLTests.xctest */,
				7B8A82AE23F28CAB00C7E9B9 /* AdvanceCoreMLUITests.xctest */,
			);
			name = Products;
			sourceTree = "<group>";
		};
		7B8A828F23F28C9600C7E9B9 /* AdvanceCoreML */ = {
			isa = PBXGroup;
			children = (
				7B8A829023F28C9700C7E9B9 /* AppDelegate.swift */,
				7B8A829223F28C9700C7E9B9 /* SceneDelegate.swift */,
				7B8A829423F28C9700C7E9B9 /* ViewController.swift */,
				7B8A829623F28C9700C7E9B9 /* Main.storyboard */,
				7B8A829923F28CAB00C7E9B9 /* Assets.xcassets */,
				7B8A829B23F28CAB00C7E9B9 /* LaunchScreen.storyboard */,
				7B8A829E23F28CAB00C7E9B9 /* Info.plist */,
			);
			path = AdvanceCoreML;
			sourceTree = "<group>";
		};
		7B8A82A623F28CAB00C7E9B9 /* AdvanceCoreMLTests */ = {
			isa = PBXGroup;
			children = (
				7B8A82A723F28CAB00C7E9B9 /* AdvanceCoreMLTests.swift */,
				7B8A82A923F28CAB00C7E9B9 /* Info.plist */,
			);
			path = AdvanceCoreMLTests;
			sourceTree = "<group>";
		};
		7B8A82B123F28CAB00C7E9B9 /* AdvanceCoreMLUITests */ = {
			isa = PBXGroup;
			children = (
				7B8A82B223F28CAB00C7E9B9 /* AdvanceCoreMLUITests.swift */,
				7B8A82B423F28CAB00C7E9B9 /* Info.plist */,
			);
			path = AdvanceCoreMLUITests;
			sourceTree = "<group>";
		};
		A594BC16741E829287763416 /* Frameworks */ = {
			isa = PBXGroup;
			children = (
				63F8B3BA103A700174F1F323 /* Pods_AdvanceCoreML.framework */,
				67A4AC9BBC11E38BEF8DCD7B /* Pods_AdvanceCoreML_AdvanceCoreMLUITests.framework */,
				45618A6BD74E5CA09BA15E7C /* Pods_AdvanceCoreMLTests.framework */,
			);
			name = Frameworks;
			sourceTree = "<group>";
		};
		E24A0F1D33F11CEF6311FC65 /* Pods */ = {
			isa = PBXGroup;
			children = (
				CB15BE60155AF8E71223DF63 /* Pods-AdvanceCoreML.debug.xcconfig */,
				F582DE5167370A736F0E077E /* Pods-AdvanceCoreML.release.xcconfig */,
				4279C527792E30D9A3FB1D2E /* Pods-AdvanceCoreML-AdvanceCoreMLUITests.debug.xcconfig */,
				6855A2A78F923032CBF8C925 /* Pods-AdvanceCoreML-AdvanceCoreMLUITests.release.xcconfig */,
				F22EE6D01B92B24182E5AC79 /* Pods-AdvanceCoreMLTests.debug.xcconfig */,
				C34C5C751391E8BE095F5B31 /* Pods-AdvanceCoreMLTests.release.xcconfig */,
			);
			name = Pods;
			path = Pods;
			sourceTree = "<group>";
		};
/* End PBXGroup section */

/* Begin PBXNativeTarget section */
		7B8A828C23F28C9600C7E9B9 /* AdvanceCoreML */ = {
			isa = PBXNativeTarget;
			buildConfigurationList = 7B8A82B723F28CAB00C7E9B9 /* Build configuration list for PBXNativeTarget "AdvanceCoreML" */;
			buildPhases = (
				1DE7362CFA2FDEA5583BD1C5 /* [CP] Check Pods Manifest.lock */,
				7B8A828923F28C9600C7E9B9 /* Sources */,
				7B8A828A23F28C9600C7E9B9 /* Frameworks */,
				7B8A828B23F28C9600C7E9B9 /* Resources */,
				FC647E28EBF30D8D145F0F71 /* [CP] Embed Pods Frameworks */,
			);
			buildRules = (
			);
			dependencies = (
			);
			name = AdvanceCoreML;
			productName = AdvanceCoreML;
			productReference = 7B8A828D23F28C9600C7E9B9 /* AdvanceCoreML.app */;
			productType = "com.apple.product-type.application";
		};
		7B8A82A223F28CAB00C7E9B9 /* AdvanceCoreMLTests */ = {
			isa = PBXNativeTarget;
			buildConfigurationList = 7B8A82BA23F28CAB00C7E9B9 /* Build configuration list for PBXNativeTarget "AdvanceCoreMLTests" */;
			buildPhases = (
				5AF1017C11129211DF99C186 /* [CP] Check Pods Manifest.lock */,
				7B8A829F23F28CAB00C7E9B9 /* Sources */,
				7B8A82A023F28CAB00C7E9B9 /* Frameworks */,
				7B8A82A123F28CAB00C7E9B9 /* Resources */,
			);
			buildRules = (
			);
			dependencies = (
				7B8A82A523F28CAB00C7E9B9 /* PBXTargetDependency */,
			);
			name = AdvanceCoreMLTests;
			productName = AdvanceCoreMLTests;
			productReference = 7B8A82A323F28CAB00C7E9B9 /* AdvanceCoreMLTests.xctest */;
			productType = "com.apple.product-type.bundle.unit-test";
		};
		7B8A82AD23F28CAB00C7E9B9 /* AdvanceCoreMLUITests */ = {
			isa = PBXNativeTarget;
			buildConfigurationList = 7B8A82BD23F28CAB00C7E9B9 /* Build configuration list for PBXNativeTarget "AdvanceCoreMLUITests" */;
			buildPhases = (
				7A044460646FF609C75031DB /* [CP] Check Pods Manifest.lock */,
				7B8A82AA23F28CAB00C7E9B9 /* Sources */,
				7B8A82AB23F28CAB00C7E9B9 /* Frameworks */,
				7B8A82AC23F28CAB00C7E9B9 /* Resources */,
				8A17BCB2B644C93E3D966831 /* [CP] Embed Pods Frameworks */,
			);
			buildRules = (
			);
			dependencies = (
				7B8A82B023F28CAB00C7E9B9 /* PBXTargetDependency */,
			);
			name = AdvanceCoreMLUITests;
			productName = AdvanceCoreMLUITests;
			productReference = 7B8A82AE23F28CAB00C7E9B9 /* AdvanceCoreMLUITests.xctest */;
			productType = "com.apple.product-type.bundle.ui-testing";
		};
/* End PBXNativeTarget section */

/* Begin PBXProject section */
		7B8A828523F28C9600C7E9B9 /* Project object */ = {
			isa = PBXProject;
			attributes = {
				LastSwiftUpdateCheck = 1130;
				LastUpgradeCheck = 1130;
				ORGANIZATIONNAME = Midas;
				TargetAttributes = {
					7B8A828C23F28C9600C7E9B9 = {
						CreatedOnToolsVersion = 11.3.1;
					};
					7B8A82A223F28CAB00C7E9B9 = {
						CreatedOnToolsVersion = 11.3.1;
						TestTargetID = 7B8A828C23F28C9600C7E9B9;
					};
					7B8A82AD23F28CAB00C7E9B9 = {
						CreatedOnToolsVersion = 11.3.1;
						TestTargetID = 7B8A828C23F28C9600C7E9B9;
					};
				};
			};
			buildConfigurationList = 7B8A828823F28C9600C7E9B9 /* Build configuration list for PBXProject "AdvanceCoreML" */;
			compatibilityVersion = "Xcode 9.3";
			developmentRegion = en;
			hasScannedForEncodings = 0;
			knownRegions = (
				en,
				Base,
			);
			mainGroup = 7B8A828423F28C9600C7E9B9;
			productRefGroup = 7B8A828E23F28C9600C7E9B9 /* Products */;
			projectDirPath = "";
			projectRoot = "";
			targets = (
				7B8A828C23F28C9600C7E9B9 /* AdvanceCoreML */,
				7B8A82A223F28CAB00C7E9B9 /* AdvanceCoreMLTests */,
				7B8A82AD23F28CAB00C7E9B9 /* AdvanceCoreMLUITests */,
			);
		};
/* End PBXProject section */

/* Begin PBXResourcesBuildPhase section */
		7B8A828B23F28C9600C7E9B9 /* Resources */ = {
			isa = PBXResourcesBuildPhase;
			buildActionMask = 2147483647;
			files = (
				7B8A829D23F28CAB00C7E9B9 /* LaunchScreen.storyboard in Resources */,
				7B8A829A23F28CAB00C7E9B9 /* Assets.xcassets in Resources */,
				7B8A829823F28C9700C7E9B9 /* Main.storyboard in Resources */,
			);
			runOnlyForDeploymentPostprocessing = 0;
		};
		7B8A82A123F28CAB00C7E9B9 /* Resources */ = {
			isa = PBXResourcesBuildPhase;
			buildActionMask = 2147483647;
			files = (
			);
			runOnlyForDeploymentPostprocessing = 0;
		};
		7B8A82AC23F28CAB00C7E9B9 /* Resources */ = {
			isa = PBXResourcesBuildPhase;
			buildActionMask = 2147483647;
			files = (
			);
			runOnlyForDeploymentPostprocessing = 0;
		};
/* End PBXResourcesBuildPhase section */

/* Begin PBXShellScriptBuildPhase section */
		1DE7362CFA2FDEA5583BD1C5 /* [CP] Check Pods Manifest.lock */ = {
			isa = PBXShellScriptBuildPhase;
			buildActionMask = 2147483647;
			files = (
			);
			inputFileListPaths = (
			);
			inputPaths = (
				"${PODS_PODFILE_DIR_PATH}/Podfile.lock",
				"${PODS_ROOT}/Manifest.lock",
			);
			name = "[CP] Check Pods Manifest.lock";
			outputFileListPaths = (
			);
			outputPaths = (
				"$(DERIVED_FILE_DIR)/Pods-AdvanceCoreML-checkManifestLockResult.txt",
			);
			runOnlyForDeploymentPostprocessing = 0;
			shellPath = /bin/sh;
			shellScript = "diff \"${PODS_PODFILE_DIR_PATH}/Podfile.lock\" \"${PODS_ROOT}/Manifest.lock\" > /dev/null\nif [ $? != 0 ] ; then\n    # print error to STDERR\n    echo \"error: The sandbox is not in sync with the Podfile.lock. Run 'pod install' or update your CocoaPods installation.\" >&2\n    exit 1\nfi\n# This output is used by Xcode 'outputs' to avoid re-running this script phase.\necho \"SUCCESS\" > \"${SCRIPT_OUTPUT_FILE_0}\"\n";
			showEnvVarsInLog = 0;
		};
		5AF1017C11129211DF99C186 /* [CP] Check Pods Manifest.lock */ = {
			isa = PBXShellScriptBuildPhase;
			buildActionMask = 2147483647;
			files = (
			);
			inputFileListPaths = (
			);
			inputPaths = (
				"${PODS_PODFILE_DIR_PATH}/Podfile.lock",
				"${PODS_ROOT}/Manifest.lock",
			);
			name = "[CP] Check Pods Manifest.lock";
			outputFileListPaths = (
			);
			outputPaths = (
				"$(DERIVED_FILE_DIR)/Pods-AdvanceCoreMLTests-checkManifestLockResult.txt",
			);
			runOnlyForDeploymentPostprocessing = 0;
			shellPath = /bin/sh;
			shellScript = "diff \"${PODS_PODFILE_DIR_PATH}/Podfile.lock\" \"${PODS_ROOT}/Manifest.lock\" > /dev/null\nif [ $? != 0 ] ; then\n    # print error to STDERR\n    echo \"error: The sandbox is not in sync with the Podfile.lock. Run 'pod install' or update your CocoaPods installation.\" >&2\n    exit 1\nfi\n# This output is used by Xcode 'outputs' to avoid re-running this script phase.\necho \"SUCCESS\" > \"${SCRIPT_OUTPUT_FILE_0}\"\n";
			showEnvVarsInLog = 0;
		};
		7A044460646FF609C75031DB /* [CP] Check Pods Manifest.lock */ = {
			isa = PBXShellScriptBuildPhase;
			buildActionMask = 2147483647;
			files = (
			);
			inputFileListPaths = (
			);
			inputPaths = (
				"${PODS_PODFILE_DIR_PATH}/Podfile.lock",
				"${PODS_ROOT}/Manifest.lock",
			);
			name = "[CP] Check Pods Manifest.lock";
			outputFileListPaths = (
			);
			outputPaths = (
				"$(DERIVED_FILE_DIR)/Pods-AdvanceCoreML-AdvanceCoreMLUITests-checkManifestLockResult.txt",
			);
			runOnlyForDeploymentPostprocessing = 0;
			shellPath = /bin/sh;
			shellScript = "diff \"${PODS_PODFILE_DIR_PATH}/Podfile.lock\" \"${PODS_ROOT}/Manifest.lock\" > /dev/null\nif [ $? != 0 ] ; then\n    # print error to STDERR\n    echo \"error: The sandbox is not in sync with the Podfile.lock. Run 'pod install' or update your CocoaPods installation.\" >&2\n    exit 1\nfi\n# This output is used by Xcode 'outputs' to avoid re-running this script phase.\necho \"SUCCESS\" > \"${SCRIPT_OUTPUT_FILE_0}\"\n";
			showEnvVarsInLog = 0;
		};
		8A17BCB2B644C93E3D966831 /* [CP] Embed Pods Frameworks */ = {
			isa = PBXShellScriptBuildPhase;
			buildActionMask = 2147483647;
			files = (
			);
			inputFileListPaths = (
				"${PODS_ROOT}/Target Support Files/Pods-AdvanceCoreML-AdvanceCoreMLUITests/Pods-AdvanceCoreML-AdvanceCoreMLUITests-frameworks-${CONFIGURATION}-input-files.xcfilelist",
			);
			name = "[CP] Embed Pods Frameworks";
			outputFileListPaths = (
				"${PODS_ROOT}/Target Support Files/Pods-AdvanceCoreML-AdvanceCoreMLUITests/Pods-AdvanceCoreML-AdvanceCoreMLUITests-frameworks-${CONFIGURATION}-output-files.xcfilelist",
			);
			runOnlyForDeploymentPostprocessing = 0;
			shellPath = /bin/sh;
			shellScript = "\"${PODS_ROOT}/Target Support Files/Pods-AdvanceCoreML-AdvanceCoreMLUITests/Pods-AdvanceCoreML-AdvanceCoreMLUITests-frameworks.sh\"\n";
			showEnvVarsInLog = 0;
		};
		FC647E28EBF30D8D145F0F71 /* [CP] Embed Pods Frameworks */ = {
			isa = PBXShellScriptBuildPhase;
			buildActionMask = 2147483647;
			files = (
			);
			inputFileListPaths = (
				"${PODS_ROOT}/Target Support Files/Pods-AdvanceCoreML/Pods-AdvanceCoreML-frameworks-${CONFIGURATION}-input-files.xcfilelist",
			);
			name = "[CP] Embed Pods Frameworks";
			outputFileListPaths = (
				"${PODS_ROOT}/Target Support Files/Pods-AdvanceCoreML/Pods-AdvanceCoreML-frameworks-${CONFIGURATION}-output-files.xcfilelist",
			);
			runOnlyForDeploymentPostprocessing = 0;
			shellPath = /bin/sh;
			shellScript = "\"${PODS_ROOT}/Target Support Files/Pods-AdvanceCoreML/Pods-AdvanceCoreML-frameworks.sh\"\n";
			showEnvVarsInLog = 0;
		};
/* End PBXShellScriptBuildPhase section */

/* Begin PBXSourcesBuildPhase section */
		7B8A828923F28C9600C7E9B9 /* Sources */ = {
			isa = PBXSourcesBuildPhase;
			buildActionMask = 2147483647;
			files = (
				7B8A829523F28C9700C7E9B9 /* ViewController.swift in Sources */,
				7B8A829123F28C9700C7E9B9 /* AppDelegate.swift in Sources */,
				7B8A829323F28C9700C7E9B9 /* SceneDelegate.swift in Sources */,
			);
			runOnlyForDeploymentPostprocessing = 0;
		};
		7B8A829F23F28CAB00C7E9B9 /* Sources */ = {
			isa = PBXSourcesBuildPhase;
			buildActionMask = 2147483647;
			files = (
				7B8A82A823F28CAB00C7E9B9 /* AdvanceCoreMLTests.swift in Sources */,
			);
			runOnlyForDeploymentPostprocessing = 0;
		};
		7B8A82AA23F28CAB00C7E9B9 /* Sources */ = {
			isa = PBXSourcesBuildPhase;
			buildActionMask = 2147483647;
			files = (
				7B8A82B323F28CAB00C7E9B9 /* AdvanceCoreMLUITests.swift in Sources */,
			);
			runOnlyForDeploymentPostprocessing = 0;
		};
/* End PBXSourcesBuildPhase section */

/* Begin PBXTargetDependency section */
		7B8A82A523F28CAB00C7E9B9 /* PBXTargetDependency */ = {
			isa = PBXTargetDependency;
			target = 7B8A828C23F28C9600C7E9B9 /* AdvanceCoreML */;
			targetProxy = 7B8A82A423F28CAB00C7E9B9 /* PBXContainerItemProxy */;
		};
		7B8A82B023F28CAB00C7E9B9 /* PBXTargetDependency */ = {
			isa = PBXTargetDependency;
			target = 7B8A828C23F28C9600C7E9B9 /* AdvanceCoreML */;
			targetProxy = 7B8A82AF23F28CAB00C7E9B9 /* PBXContainerItemProxy */;
		};
/* End PBXTargetDependency section */

/* Begin PBXVariantGroup section */
		7B8A829623F28C9700C7E9B9 /* Main.storyboard */ = {
			isa = PBXVariantGroup;
			children = (
				7B8A829723F28C9700C7E9B9 /* Base */,
			);
			name = Main.storyboard;
			sourceTree = "<group>";
		};
		7B8A829B23F28CAB00C7E9B9 /* LaunchScreen.storyboard */ = {
			isa = PBXVariantGroup;
			children = (
				7B8A829C23F28CAB00C7E9B9 /* Base */,
			);
			name = LaunchScreen.storyboard;
			sourceTree = "<group>";
		};
/* End PBXVariantGroup section */

/* Begin XCBuildConfiguration section */
		7B8A82B523F28CAB00C7E9B9 /* Debug */ = {
			isa = XCBuildConfiguration;
			buildSettings = {
				ALWAYS_SEARCH_USER_PATHS = NO;
				CLANG_ANALYZER_NONNULL = YES;
				CLANG_ANALYZER_NUMBER_OBJECT_CONVERSION = YES_AGGRESSIVE;
				CLANG_CXX_LANGUAGE_STANDARD = "gnu++14";
				CLANG_CXX_LIBRARY = "libc++";
				CLANG_ENABLE_MODULES = YES;
				CLANG_ENABLE_OBJC_ARC = YES;
				CLANG_ENABLE_OBJC_WEAK = YES;
				CLANG_WARN_BLOCK_CAPTURE_AUTORELEASING = YES;
				CLANG_WARN_BOOL_CONVERSION = YES;
				CLANG_WARN_COMMA = YES;
				CLANG_WARN_CONSTANT_CONVERSION = YES;
				CLANG_WARN_DEPRECATED_OBJC_IMPLEMENTATIONS = YES;
				CLANG_WARN_DIRECT_OBJC_ISA_USAGE = YES_ERROR;
				CLANG_WARN_DOCUMENTATION_COMMENTS = YES;
				CLANG_WARN_EMPTY_BODY = YES;
				CLANG_WARN_ENUM_CONVERSION = YES;
				CLANG_WARN_INFINITE_RECURSION = YES;
				CLANG_WARN_INT_CONVERSION = YES;
				CLANG_WARN_NON_LITERAL_NULL_CONVERSION = YES;
				CLANG_WARN_OBJC_IMPLICIT_RETAIN_SELF = YES;
				CLANG_WARN_OBJC_LITERAL_CONVERSION = YES;
				CLANG_WARN_OBJC_ROOT_CLASS = YES_ERROR;
				CLANG_WARN_RANGE_LOOP_ANALYSIS = YES;
				CLANG_WARN_STRICT_PROTOTYPES = YES;
				CLANG_WARN_SUSPICIOUS_MOVE = YES;
				CLANG_WARN_UNGUARDED_AVAILABILITY = YES_AGGRESSIVE;
				CLANG_WARN_UNREACHABLE_CODE = YES;
				CLANG_WARN__DUPLICATE_METHOD_MATCH = YES;
				COPY_PHASE_STRIP = NO;
				DEBUG_INFORMATION_FORMAT = dwarf;
				ENABLE_STRICT_OBJC_MSGSEND = YES;
				ENABLE_TESTABILITY = YES;
				GCC_C_LANGUAGE_STANDARD = gnu11;
				GCC_DYNAMIC_NO_PIC = NO;
				GCC_NO_COMMON_BLOCKS = YES;
				GCC_OPTIMIZATION_LEVEL = 0;
				GCC_PREPROCESSOR_DEFINITIONS = (
					"DEBUG=1",
					"$(inherited)",
				);
				GCC_WARN_64_TO_32_BIT_CONVERSION = YES;
				GCC_WARN_ABOUT_RETURN_TYPE = YES_ERROR;
				GCC_WARN_UNDECLARED_SELECTOR = YES;
				GCC_WARN_UNINITIALIZED_AUTOS = YES_AGGRESSIVE;
				GCC_WARN_UNUSED_FUNCTION = YES;
				GCC_WARN_UNUSED_VARIABLE = YES;
				IPHONEOS_DEPLOYMENT_TARGET = 13.2;
				MTL_ENABLE_DEBUG_INFO = INCLUDE_SOURCE;
				MTL_FAST_MATH = YES;
				ONLY_ACTIVE_ARCH = YES;
				SDKROOT = iphoneos;
				SWIFT_ACTIVE_COMPILATION_CONDITIONS = DEBUG;
				SWIFT_OPTIMIZATION_LEVEL = "-Onone";
			};
			name = Debug;
		};
		7B8A82B623F28CAB00C7E9B9 /* Release */ = {
			isa = XCBuildConfiguration;
			buildSettings = {
				ALWAYS_SEARCH_USER_PATHS = NO;
				CLANG_ANALYZER_NONNULL = YES;
				CLANG_ANALYZER_NUMBER_OBJECT_CONVERSION = YES_AGGRESSIVE;
				CLANG_CXX_LANGUAGE_STANDARD = "gnu++14";
				CLANG_CXX_LIBRARY = "libc++";
				CLANG_ENABLE_MODULES = YES;
				CLANG_ENABLE_OBJC_ARC = YES;
				CLANG_ENABLE_OBJC_WEAK = YES;
				CLANG_WARN_BLOCK_CAPTURE_AUTORELEASING = YES;
				CLANG_WARN_BOOL_CONVERSION = YES;
				CLANG_WARN_COMMA = YES;
				CLANG_WARN_CONSTANT_CONVERSION = YES;
				CLANG_WARN_DEPRECATED_OBJC_IMPLEMENTATIONS = YES;
				CLANG_WARN_DIRECT_OBJC_ISA_USAGE = YES_ERROR;
				CLANG_WARN_DOCUMENTATION_COMMENTS = YES;
				CLANG_WARN_EMPTY_BODY = YES;
				CLANG_WARN_ENUM_CONVERSION = YES;
				CLANG_WARN_INFINITE_RECURSION = YES;
				CLANG_WARN_INT_CONVERSION = YES;
				CLANG_WARN_NON_LITERAL_NULL_CONVERSION = YES;
				CLANG_WARN_OBJC_IMPLICIT_RETAIN_SELF = YES;
				CLANG_WARN_OBJC_LITERAL_CONVERSION = YES;
				CLANG_WARN_OBJC_ROOT_CLASS = YES_ERROR;
				CLANG_WARN_RANGE_LOOP_ANALYSIS = YES;
				CLANG_WARN_STRICT_PROTOTYPES = YES;
				CLANG_WARN_SUSPICIOUS_MOVE = YES;
				CLANG_WARN_UNGUARDED_AVAILABILITY = YES_AGGRESSIVE;
				CLANG_WARN_UNREACHABLE_CODE = YES;
				CLANG_WARN__DUPLICATE_METHOD_MATCH = YES;
				COPY_PHASE_STRIP = NO;
				DEBUG_INFORMATION_FORMAT = "dwarf-with-dsym";
				ENABLE_NS_ASSERTIONS = NO;
				ENABLE_STRICT_OBJC_MSGSEND = YES;
				GCC_C_LANGUAGE_STANDARD = gnu11;
				GCC_NO_COMMON_BLOCKS = YES;
				GCC_WARN_64_TO_32_BIT_CONVERSION = YES;
				GCC_WARN_ABOUT_RETURN_TYPE = YES_ERROR;
				GCC_WARN_UNDECLARED_SELECTOR = YES;
				GCC_WARN_UNINITIALIZED_AUTOS = YES_AGGRESSIVE;
				GCC_WARN_UNUSED_FUNCTION = YES;
				GCC_WARN_UNUSED_VARIABLE = YES;
				IPHONEOS_DEPLOYMENT_TARGET = 13.2;
				MTL_ENABLE_DEBUG_INFO = NO;
				MTL_FAST_MATH = YES;
				SDKROOT = iphoneos;
				SWIFT_COMPILATION_MODE = wholemodule;
				SWIFT_OPTIMIZATION_LEVEL = "-O";
				VALIDATE_PRODUCT = YES;
			};
			name = Release;
		};
		7B8A82B823F28CAB00C7E9B9 /* Debug */ = {
			isa = XCBuildConfiguration;
			baseConfigurationReference = CB15BE60155AF8E71223DF63 /* Pods-AdvanceCoreML.debug.xcconfig */;
			buildSettings = {
				ASSETCATALOG_COMPILER_APPICON_NAME = AppIcon;
				CODE_SIGN_STYLE = Automatic;
				INFOPLIST_FILE = AdvanceCoreML/Info.plist;
				LD_RUNPATH_SEARCH_PATHS = (
					"$(inherited)",
					"@executable_path/Frameworks",
				);
				PRODUCT_BUNDLE_IDENTIFIER = "Co-Founder.AdvanceCoreML";
				PRODUCT_NAME = "$(TARGET_NAME)";
				SWIFT_VERSION = 5.0;
				TARGETED_DEVICE_FAMILY = "1,2";
			};
			name = Debug;
		};
		7B8A82B923F28CAB00C7E9B9 /* Release */ = {
			isa = XCBuildConfiguration;
			baseConfigurationReference = F582DE5167370A736F0E077E /* Pods-AdvanceCoreML.release.xcconfig */;
			buildSettings = {
				ASSETCATALOG_COMPILER_APPICON_NAME = AppIcon;
				CODE_SIGN_STYLE = Automatic;
				INFOPLIST_FILE = AdvanceCoreML/Info.plist;
				LD_RUNPATH_SEARCH_PATHS = (
					"$(inherited)",
					"@executable_path/Frameworks",
				);
				PRODUCT_BUNDLE_IDENTIFIER = "Co-Founder.AdvanceCoreML";
				PRODUCT_NAME = "$(TARGET_NAME)";
				SWIFT_VERSION = 5.0;
				TARGETED_DEVICE_FAMILY = "1,2";
			};
			name = Release;
		};
		7B8A82BB23F28CAB00C7E9B9 /* Debug */ = {
			isa = XCBuildConfiguration;
			baseConfigurationReference = F22EE6D01B92B24182E5AC79 /* Pods-AdvanceCoreMLTests.debug.xcconfig */;
			buildSettings = {
				ALWAYS_EMBED_SWIFT_STANDARD_LIBRARIES = YES;
				BUNDLE_LOADER = "$(TEST_HOST)";
				CODE_SIGN_STYLE = Automatic;
				INFOPLIST_FILE = AdvanceCoreMLTests/Info.plist;
				IPHONEOS_DEPLOYMENT_TARGET = 13.2;
				LD_RUNPATH_SEARCH_PATHS = (
					"$(inherited)",
					"@executable_path/Frameworks",
					"@loader_path/Frameworks",
				);
				PRODUCT_BUNDLE_IDENTIFIER = "Co-Founder.AdvanceCoreMLTests";
				PRODUCT_NAME = "$(TARGET_NAME)";
				SWIFT_VERSION = 5.0;
				TARGETED_DEVICE_FAMILY = "1,2";
				TEST_HOST = "$(BUILT_PRODUCTS_DIR)/AdvanceCoreML.app/AdvanceCoreML";
			};
			name = Debug;
		};
		7B8A82BC23F28CAB00C7E9B9 /* Release */ = {
			isa = XCBuildConfiguration;
			baseConfigurationReference = C34C5C751391E8BE095F5B31 /* Pods-AdvanceCoreMLTests.release.xcconfig */;
			buildSettings = {
				ALWAYS_EMBED_SWIFT_STANDARD_LIBRARIES = YES;
				BUNDLE_LOADER = "$(TEST_HOST)";
				CODE_SIGN_STYLE = Automatic;
				INFOPLIST_FILE = AdvanceCoreMLTests/Info.plist;
				IPHONEOS_DEPLOYMENT_TARGET = 13.2;
				LD_RUNPATH_SEARCH_PATHS = (
					"$(inherited)",
					"@executable_path/Frameworks",
					"@loader_path/Frameworks",
				);
				PRODUCT_BUNDLE_IDENTIFIER = "Co-Founder.AdvanceCoreMLTests";
				PRODUCT_NAME = "$(TARGET_NAME)";
				SWIFT_VERSION = 5.0;
				TARGETED_DEVICE_FAMILY = "1,2";
				TEST_HOST = "$(BUILT_PRODUCTS_DIR)/AdvanceCoreML.app/AdvanceCoreML";
			};
			name = Release;
		};
		7B8A82BE23F28CAB00C7E9B9 /* Debug */ = {
			isa = XCBuildConfiguration;
			baseConfigurationReference = 4279C527792E30D9A3FB1D2E /* Pods-AdvanceCoreML-AdvanceCoreMLUITests.debug.xcconfig */;
			buildSettings = {
				ALWAYS_EMBED_SWIFT_STANDARD_LIBRARIES = YES;
				CODE_SIGN_STYLE = Automatic;
				INFOPLIST_FILE = AdvanceCoreMLUITests/Info.plist;
				LD_RUNPATH_SEARCH_PATHS = (
					"$(inherited)",
					"@executable_path/Frameworks",
					"@loader_path/Frameworks",
				);
				PRODUCT_BUNDLE_IDENTIFIER = "Co-Founder.AdvanceCoreMLUITests";
				PRODUCT_NAME = "$(TARGET_NAME)";
				SWIFT_VERSION = 5.0;
				TARGETED_DEVICE_FAMILY = "1,2";
				TEST_TARGET_NAME = AdvanceCoreML;
			};
			name = Debug;
		};
		7B8A82BF23F28CAB00C7E9B9 /* Release */ = {
			isa = XCBuildConfiguration;
			baseConfigurationReference = 6855A2A78F923032CBF8C925 /* Pods-AdvanceCoreML-AdvanceCoreMLUITests.release.xcconfig */;
			buildSettings = {
				ALWAYS_EMBED_SWIFT_STANDARD_LIBRARIES = YES;
				CODE_SIGN_STYLE = Automatic;
				INFOPLIST_FILE = AdvanceCoreMLUITests/Info.plist;
				LD_RUNPATH_SEARCH_PATHS = (
					"$(inherited)",
					"@executable_path/Frameworks",
					"@loader_path/Frameworks",
				);
				PRODUCT_BUNDLE_IDENTIFIER = "Co-Founder.AdvanceCoreMLUITests";
				PRODUCT_NAME = "$(TARGET_NAME)";
				SWIFT_VERSION = 5.0;
				TARGETED_DEVICE_FAMILY = "1,2";
				TEST_TARGET_NAME = AdvanceCoreML;
			};
			name = Release;
		};
/* End XCBuildConfiguration section */

/* Begin XCConfigurationList section */
		7B8A828823F28C9600C7E9B9 /* Build configuration list for PBXProject "AdvanceCoreML" */ = {
			isa = XCConfigurationList;
			buildConfigurations = (
				7B8A82B523F28CAB00C7E9B9 /* Debug */,
				7B8A82B623F28CAB00C7E9B9 /* Release */,
			);
			defaultConfigurationIsVisible = 0;
			defaultConfigurationName = Release;
		};
		7B8A82B723F28CAB00C7E9B9 /* Build configuration list for PBXNativeTarget "AdvanceCoreML" */ = {
			isa = XCConfigurationList;
			buildConfigurations = (
				7B8A82B823F28CAB00C7E9B9 /* Debug */,
				7B8A82B923F28CAB00C7E9B9 /* Release */,
			);
			defaultConfigurationIsVisible = 0;
			defaultConfigurationName = Release;
		};
		7B8A82BA23F28CAB00C7E9B9 /* Build configuration list for PBXNativeTarget "AdvanceCoreMLTests" */ = {
			isa = XCConfigurationList;
			buildConfigurations = (
				7B8A82BB23F28CAB00C7E9B9 /* Debug */,
				7B8A82BC23F28CAB00C7E9B9 /* Release */,
			);
			defaultConfigurationIsVisible = 0;
			defaultConfigurationName = Release;
		};
		7B8A82BD23F28CAB00C7E9B9 /* Build configuration list for PBXNativeTarget "AdvanceCoreMLUITests" */ = {
			isa = XCConfigurationList;
			buildConfigurations = (
				7B8A82BE23F28CAB00C7E9B9 /* Debug */,
				7B8A82BF23F28CAB00C7E9B9 /* Release */,
			);
			defaultConfigurationIsVisible = 0;
			defaultConfigurationName = Release;
		};
/* End XCConfigurationList section */
	};
	rootObject = 7B8A828523F28C9600C7E9B9 /* Project object */;
}
